{
  "name": "gsk-kart2",
  "version": "1.0.0",
  "lockfileVersion": 1,
  "requires": true,
  "dependencies": {
    "idle": {
      "version": "0.0.0",
      "resolved": "https://registry.npmjs.org/idle/-/idle-0.0.0.tgz",
      "integrity": "sha1-wnnmg61EDuuOc58oA8HGds1Kei8=",
      "dev": true
    }
  }
}
